
Microsoft Visual Studio Solution File, Format Version 12.00
# Visual Studio Version 17
VisualStudioVersion = 17.6.33815.320
MinimumVisualStudioVersion = 10.0.40219.1
Project("{9A19103F-16F7-4668-BE54-9A1E7A4F7556}") = "AppServices", "src\AppServices\AppServices.csproj", "{AC928A59-14DF-4700-B35F-4D570D5A89BD}"
EndProject
Project("{9A19103F-16F7-4668-BE54-9A1E7A4F7556}") = "Domain", "src\Domain\Domain.csproj", "{C89A3E71-AAEA-4C39-9BDC-5ADC20576EAF}"
EndProject
Project("{9A19103F-16F7-4668-BE54-9A1E7A4F7556}") = "EfRepository", "src\EfRepository\EfRepository.csproj", "{6B2A0A0E-A369-41E5-AFA7-DA83E06D0656}"
EndProject
Project("{9A19103F-16F7-4668-BE54-9A1E7A4F7556}") = "LocalRepository", "src\LocalRepository\LocalRepository.csproj", "{6C3CF054-D8AD-4902-A97E-F434212142F8}"
EndProject
Project("{9A19103F-16F7-4668-BE54-9A1E7A4F7556}") = "TestData", "src\TestData\TestData.csproj", "{08D17A1C-CC9F-4EA6-8800-8FC8E578A05A}"
EndProject
Project("{9A19103F-16F7-4668-BE54-9A1E7A4F7556}") = "WebApp", "src\WebApp\WebApp.csproj", "{BE73FA4B-593E-4B08-AC69-5A3A093713DF}"
EndProject
Project("{2150E333-8FDC-42A3-9474-1A3956D46DE8}") = "tests", "tests", "{498D58D8-B620-41C7-93F6-67E684583AF2}"
EndProject
Project("{9A19103F-16F7-4668-BE54-9A1E7A4F7556}") = "AppServicesTests", "tests\AppServicesTests\AppServicesTests.csproj", "{38382247-3A74-40BA-8A17-DE85A39440D1}"
EndProject
Project("{9A19103F-16F7-4668-BE54-9A1E7A4F7556}") = "EfRepositoryTests", "tests\EfRepositoryTests\EfRepositoryTests.csproj", "{DCF1395B-B052-467F-B26B-DEFF9F44BD3B}"
EndProject
Project("{9A19103F-16F7-4668-BE54-9A1E7A4F7556}") = "LocalRepositoryTests", "tests\LocalRepositoryTests\LocalRepositoryTests.csproj", "{0C61F2CA-6F44-485B-ABB8-C4449841E948}"
EndProject
Project("{9A19103F-16F7-4668-BE54-9A1E7A4F7556}") = "WebAppTests", "tests\WebAppTests\WebAppTests.csproj", "{79F5B576-616B-4A2F-8219-A05553A86C16}"
EndProject
Global
	GlobalSection(SolutionConfigurationPlatforms) = preSolution
		Debug|Any CPU = Debug|Any CPU
		Release|Any CPU = Release|Any CPU
	EndGlobalSection
	GlobalSection(ProjectConfigurationPlatforms) = postSolution
		{AC928A59-14DF-4700-B35F-4D570D5A89BD}.Debug|Any CPU.ActiveCfg = Debug|Any CPU
		{AC928A59-14DF-4700-B35F-4D570D5A89BD}.Debug|Any CPU.Build.0 = Debug|Any CPU
		{AC928A59-14DF-4700-B35F-4D570D5A89BD}.Release|Any CPU.ActiveCfg = Release|Any CPU
		{AC928A59-14DF-4700-B35F-4D570D5A89BD}.Release|Any CPU.Build.0 = Release|Any CPU
		{C89A3E71-AAEA-4C39-9BDC-5ADC20576EAF}.Debug|Any CPU.ActiveCfg = Debug|Any CPU
		{C89A3E71-AAEA-4C39-9BDC-5ADC20576EAF}.Debug|Any CPU.Build.0 = Debug|Any CPU
		{C89A3E71-AAEA-4C39-9BDC-5ADC20576EAF}.Release|Any CPU.ActiveCfg = Release|Any CPU
		{C89A3E71-AAEA-4C39-9BDC-5ADC20576EAF}.Release|Any CPU.Build.0 = Release|Any CPU
		{6B2A0A0E-A369-41E5-AFA7-DA83E06D0656}.Debug|Any CPU.ActiveCfg = Debug|Any CPU
		{6B2A0A0E-A369-41E5-AFA7-DA83E06D0656}.Debug|Any CPU.Build.0 = Debug|Any CPU
		{6B2A0A0E-A369-41E5-AFA7-DA83E06D0656}.Release|Any CPU.ActiveCfg = Release|Any CPU
		{6B2A0A0E-A369-41E5-AFA7-DA83E06D0656}.Release|Any CPU.Build.0 = Release|Any CPU
		{6C3CF054-D8AD-4902-A97E-F434212142F8}.Debug|Any CPU.ActiveCfg = Debug|Any CPU
		{6C3CF054-D8AD-4902-A97E-F434212142F8}.Debug|Any CPU.Build.0 = Debug|Any CPU
		{6C3CF054-D8AD-4902-A97E-F434212142F8}.Release|Any CPU.ActiveCfg = Release|Any CPU
		{6C3CF054-D8AD-4902-A97E-F434212142F8}.Release|Any CPU.Build.0 = Release|Any CPU
		{08D17A1C-CC9F-4EA6-8800-8FC8E578A05A}.Debug|Any CPU.ActiveCfg = Debug|Any CPU
		{08D17A1C-CC9F-4EA6-8800-8FC8E578A05A}.Debug|Any CPU.Build.0 = Debug|Any CPU
		{08D17A1C-CC9F-4EA6-8800-8FC8E578A05A}.Release|Any CPU.ActiveCfg = Release|Any CPU
		{08D17A1C-CC9F-4EA6-8800-8FC8E578A05A}.Release|Any CPU.Build.0 = Release|Any CPU
		{BE73FA4B-593E-4B08-AC69-5A3A093713DF}.Debug|Any CPU.ActiveCfg = Debug|Any CPU
		{BE73FA4B-593E-4B08-AC69-5A3A093713DF}.Debug|Any CPU.Build.0 = Debug|Any CPU
		{BE73FA4B-593E-4B08-AC69-5A3A093713DF}.Release|Any CPU.ActiveCfg = Release|Any CPU
		{BE73FA4B-593E-4B08-AC69-5A3A093713DF}.Release|Any CPU.Build.0 = Release|Any CPU
		{38382247-3A74-40BA-8A17-DE85A39440D1}.Debug|Any CPU.ActiveCfg = Debug|Any CPU
		{38382247-3A74-40BA-8A17-DE85A39440D1}.Debug|Any CPU.Build.0 = Debug|Any CPU
		{38382247-3A74-40BA-8A17-DE85A39440D1}.Release|Any CPU.ActiveCfg = Release|Any CPU
		{38382247-3A74-40BA-8A17-DE85A39440D1}.Release|Any CPU.Build.0 = Release|Any CPU
		{DCF1395B-B052-467F-B26B-DEFF9F44BD3B}.Debug|Any CPU.ActiveCfg = Debug|Any CPU
		{DCF1395B-B052-467F-B26B-DEFF9F44BD3B}.Debug|Any CPU.Build.0 = Debug|Any CPU
		{DCF1395B-B052-467F-B26B-DEFF9F44BD3B}.Release|Any CPU.ActiveCfg = Release|Any CPU
		{DCF1395B-B052-467F-B26B-DEFF9F44BD3B}.Release|Any CPU.Build.0 = Release|Any CPU
		{0C61F2CA-6F44-485B-ABB8-C4449841E948}.Debug|Any CPU.ActiveCfg = Debug|Any CPU
		{0C61F2CA-6F44-485B-ABB8-C4449841E948}.Debug|Any CPU.Build.0 = Debug|Any CPU
		{0C61F2CA-6F44-485B-ABB8-C4449841E948}.Release|Any CPU.ActiveCfg = Release|Any CPU
		{0C61F2CA-6F44-485B-ABB8-C4449841E948}.Release|Any CPU.Build.0 = Release|Any CPU
		{79F5B576-616B-4A2F-8219-A05553A86C16}.Debug|Any CPU.ActiveCfg = Debug|Any CPU
		{79F5B576-616B-4A2F-8219-A05553A86C16}.Debug|Any CPU.Build.0 = Debug|Any CPU
		{79F5B576-616B-4A2F-8219-A05553A86C16}.Release|Any CPU.ActiveCfg = Release|Any CPU
		{79F5B576-616B-4A2F-8219-A05553A86C16}.Release|Any CPU.Build.0 = Release|Any CPU
	EndGlobalSection
	GlobalSection(SolutionProperties) = preSolution
		HideSolutionNode = FALSE
	EndGlobalSection
	GlobalSection(NestedProjects) = preSolution
		{38382247-3A74-40BA-8A17-DE85A39440D1} = {498D58D8-B620-41C7-93F6-67E684583AF2}
		{DCF1395B-B052-467F-B26B-DEFF9F44BD3B} = {498D58D8-B620-41C7-93F6-67E684583AF2}
		{0C61F2CA-6F44-485B-ABB8-C4449841E948} = {498D58D8-B620-41C7-93F6-67E684583AF2}
		{79F5B576-616B-4A2F-8219-A05553A86C16} = {498D58D8-B620-41C7-93F6-67E684583AF2}
	EndGlobalSection
	GlobalSection(ExtensibilityGlobals) = postSolution
		SolutionGuid = {D73BBE2B-E94E-43BA-8190-6A5078A16382}
	EndGlobalSection
EndGlobal
