
Microsoft Visual Studio Solution File, Format Version 12.00
# Visual Studio Version 17
VisualStudioVersion = 17.0.31903.59
MinimumVisualStudioVersion = 10.0.40219.1
Project("{FAE04EC0-301F-11D3-BF4B-00C04F79EFBC}") = "AppServices", "src\AppServices\AppServices.csproj", "{49C68ECC-4964-4A96-B755-F07473EF1B0F}"
EndProject
Project("{FAE04EC0-301F-11D3-BF4B-00C04F79EFBC}") = "Domain", "src\Domain\Domain.csproj", "{1FDD55B8-F598-4217-A4AA-995F68EC0F09}"
EndProject
Project("{FAE04EC0-301F-11D3-BF4B-00C04F79EFBC}") = "EfRepository", "src\EfRepository\EfRepository.csproj", "{697EC605-3105-4E9E-84B0-FA16838A8D69}"
EndProject
Project("{FAE04EC0-301F-11D3-BF4B-00C04F79EFBC}") = "LocalRepository", "src\LocalRepository\LocalRepository.csproj", "{2BE5D382-EDA8-4275-886F-C987672ACAD6}"
EndProject
Project("{FAE04EC0-301F-11D3-BF4B-00C04F79EFBC}") = "TestData", "src\TestData\TestData.csproj", "{2D7930FA-995C-4D5F-BF00-F4235253CDC9}"
EndProject
Project("{FAE04EC0-301F-11D3-BF4B-00C04F79EFBC}") = "WebApp", "src\WebApp\WebApp.csproj", "{D04DEDDD-38AB-4312-9F51-ED8D194ADE84}"
EndProject
Project("{2150E333-8FDC-42A3-9474-1A3956D46DE8}") = "tests", "tests", "{DB76F5B0-EC9D-4144-91AA-46D5679152A3}"
EndProject
Project("{FAE04EC0-301F-11D3-BF4B-00C04F79EFBC}") = "AppServicesTests", "tests\AppServicesTests\AppServicesTests.csproj", "{13FAE9CA-FE4A-447E-8957-037E5DAD845B}"
EndProject
Project("{FAE04EC0-301F-11D3-BF4B-00C04F79EFBC}") = "DomainTests", "tests\DomainTests\DomainTests.csproj", "{7A5CF273-3665-4EB1-9AAF-3A029C39E339}"
EndProject
Project("{FAE04EC0-301F-11D3-BF4B-00C04F79EFBC}") = "EfRepositoryTests", "tests\EfRepositoryTests\EfRepositoryTests.csproj", "{47C00C21-4754-4B42-8467-B33347B37493}"
EndProject
Project("{FAE04EC0-301F-11D3-BF4B-00C04F79EFBC}") = "LocalRepositoryTests", "tests\LocalRepositoryTests\LocalRepositoryTests.csproj", "{3F8FEB68-6CF5-4F8A-8BDC-1903FD558A3A}"
EndProject
Project("{FAE04EC0-301F-11D3-BF4B-00C04F79EFBC}") = "WebAppTests", "tests\WebAppTests\WebAppTests.csproj", "{0C0DFDC9-DB51-4C14-91F8-30E9FC66E32C}"
EndProject
Global
	GlobalSection(SolutionConfigurationPlatforms) = preSolution
		Debug|Any CPU = Debug|Any CPU
		Release|Any CPU = Release|Any CPU
	EndGlobalSection
	GlobalSection(SolutionProperties) = preSolution
		HideSolutionNode = FALSE
	EndGlobalSection
	GlobalSection(ProjectConfigurationPlatforms) = postSolution
		{49C68ECC-4964-4A96-B755-F07473EF1B0F}.Debug|Any CPU.ActiveCfg = Debug|Any CPU
		{49C68ECC-4964-4A96-B755-F07473EF1B0F}.Debug|Any CPU.Build.0 = Debug|Any CPU
		{49C68ECC-4964-4A96-B755-F07473EF1B0F}.Release|Any CPU.ActiveCfg = Release|Any CPU
		{49C68ECC-4964-4A96-B755-F07473EF1B0F}.Release|Any CPU.Build.0 = Release|Any CPU
		{1FDD55B8-F598-4217-A4AA-995F68EC0F09}.Debug|Any CPU.ActiveCfg = Debug|Any CPU
		{1FDD55B8-F598-4217-A4AA-995F68EC0F09}.Debug|Any CPU.Build.0 = Debug|Any CPU
		{1FDD55B8-F598-4217-A4AA-995F68EC0F09}.Release|Any CPU.ActiveCfg = Release|Any CPU
		{1FDD55B8-F598-4217-A4AA-995F68EC0F09}.Release|Any CPU.Build.0 = Release|Any CPU
		{697EC605-3105-4E9E-84B0-FA16838A8D69}.Debug|Any CPU.ActiveCfg = Debug|Any CPU
		{697EC605-3105-4E9E-84B0-FA16838A8D69}.Debug|Any CPU.Build.0 = Debug|Any CPU
		{697EC605-3105-4E9E-84B0-FA16838A8D69}.Release|Any CPU.ActiveCfg = Release|Any CPU
		{697EC605-3105-4E9E-84B0-FA16838A8D69}.Release|Any CPU.Build.0 = Release|Any CPU
		{2BE5D382-EDA8-4275-886F-C987672ACAD6}.Debug|Any CPU.ActiveCfg = Debug|Any CPU
		{2BE5D382-EDA8-4275-886F-C987672ACAD6}.Debug|Any CPU.Build.0 = Debug|Any CPU
		{2BE5D382-EDA8-4275-886F-C987672ACAD6}.Release|Any CPU.ActiveCfg = Release|Any CPU
		{2BE5D382-EDA8-4275-886F-C987672ACAD6}.Release|Any CPU.Build.0 = Release|Any CPU
		{2D7930FA-995C-4D5F-BF00-F4235253CDC9}.Debug|Any CPU.ActiveCfg = Debug|Any CPU
		{2D7930FA-995C-4D5F-BF00-F4235253CDC9}.Debug|Any CPU.Build.0 = Debug|Any CPU
		{2D7930FA-995C-4D5F-BF00-F4235253CDC9}.Release|Any CPU.ActiveCfg = Release|Any CPU
		{2D7930FA-995C-4D5F-BF00-F4235253CDC9}.Release|Any CPU.Build.0 = Release|Any CPU
		{D04DEDDD-38AB-4312-9F51-ED8D194ADE84}.Debug|Any CPU.ActiveCfg = Debug|Any CPU
		{D04DEDDD-38AB-4312-9F51-ED8D194ADE84}.Debug|Any CPU.Build.0 = Debug|Any CPU
		{D04DEDDD-38AB-4312-9F51-ED8D194ADE84}.Release|Any CPU.ActiveCfg = Release|Any CPU
		{D04DEDDD-38AB-4312-9F51-ED8D194ADE84}.Release|Any CPU.Build.0 = Release|Any CPU
		{13FAE9CA-FE4A-447E-8957-037E5DAD845B}.Debug|Any CPU.ActiveCfg = Debug|Any CPU
		{13FAE9CA-FE4A-447E-8957-037E5DAD845B}.Debug|Any CPU.Build.0 = Debug|Any CPU
		{13FAE9CA-FE4A-447E-8957-037E5DAD845B}.Release|Any CPU.ActiveCfg = Release|Any CPU
		{13FAE9CA-FE4A-447E-8957-037E5DAD845B}.Release|Any CPU.Build.0 = Release|Any CPU
		{7A5CF273-3665-4EB1-9AAF-3A029C39E339}.Debug|Any CPU.ActiveCfg = Debug|Any CPU
		{7A5CF273-3665-4EB1-9AAF-3A029C39E339}.Debug|Any CPU.Build.0 = Debug|Any CPU
		{7A5CF273-3665-4EB1-9AAF-3A029C39E339}.Release|Any CPU.ActiveCfg = Release|Any CPU
		{7A5CF273-3665-4EB1-9AAF-3A029C39E339}.Release|Any CPU.Build.0 = Release|Any CPU
		{47C00C21-4754-4B42-8467-B33347B37493}.Debug|Any CPU.ActiveCfg = Debug|Any CPU
		{47C00C21-4754-4B42-8467-B33347B37493}.Debug|Any CPU.Build.0 = Debug|Any CPU
		{47C00C21-4754-4B42-8467-B33347B37493}.Release|Any CPU.ActiveCfg = Release|Any CPU
		{47C00C21-4754-4B42-8467-B33347B37493}.Release|Any CPU.Build.0 = Release|Any CPU
		{3F8FEB68-6CF5-4F8A-8BDC-1903FD558A3A}.Debug|Any CPU.ActiveCfg = Debug|Any CPU
		{3F8FEB68-6CF5-4F8A-8BDC-1903FD558A3A}.Debug|Any CPU.Build.0 = Debug|Any CPU
		{3F8FEB68-6CF5-4F8A-8BDC-1903FD558A3A}.Release|Any CPU.ActiveCfg = Release|Any CPU
		{3F8FEB68-6CF5-4F8A-8BDC-1903FD558A3A}.Release|Any CPU.Build.0 = Release|Any CPU
		{0C0DFDC9-DB51-4C14-91F8-30E9FC66E32C}.Debug|Any CPU.ActiveCfg = Debug|Any CPU
		{0C0DFDC9-DB51-4C14-91F8-30E9FC66E32C}.Debug|Any CPU.Build.0 = Debug|Any CPU
		{0C0DFDC9-DB51-4C14-91F8-30E9FC66E32C}.Release|Any CPU.ActiveCfg = Release|Any CPU
		{0C0DFDC9-DB51-4C14-91F8-30E9FC66E32C}.Release|Any CPU.Build.0 = Release|Any CPU
	EndGlobalSection
	GlobalSection(NestedProjects) = preSolution
		{13FAE9CA-FE4A-447E-8957-037E5DAD845B} = {DB76F5B0-EC9D-4144-91AA-46D5679152A3}
		{7A5CF273-3665-4EB1-9AAF-3A029C39E339} = {DB76F5B0-EC9D-4144-91AA-46D5679152A3}
		{47C00C21-4754-4B42-8467-B33347B37493} = {DB76F5B0-EC9D-4144-91AA-46D5679152A3}
		{3F8FEB68-6CF5-4F8A-8BDC-1903FD558A3A} = {DB76F5B0-EC9D-4144-91AA-46D5679152A3}
		{0C0DFDC9-DB51-4C14-91F8-30E9FC66E32C} = {DB76F5B0-EC9D-4144-91AA-46D5679152A3}
	EndGlobalSection
EndGlobal
